// !$*UTF8*$!
{
	archiveVersion = 1;
	classes = {
	};
	objectVersion = 56;
	objects = {

/* Begin PBXBuildFile section */
		435E96882B56E86D00F49693 /* AppDelegate.swift in Sources */ = {isa = PBXBuildFile; fileRef = 435E96872B56E86D00F49693 /* AppDelegate.swift */; };
		435E968A2B56E86D00F49693 /* SceneDelegate.swift in Sources */ = {isa = PBXBuildFile; fileRef = 435E96892B56E86D00F49693 /* SceneDelegate.swift */; };
		435E968C2B56E86D00F49693 /* ViewController.swift in Sources */ = {isa = PBXBuildFile; fileRef = 435E968B2B56E86D00F49693 /* ViewController.swift */; };
		435E968F2B56E86E00F49693 /* Main.storyboard in Resources */ = {isa = PBXBuildFile; fileRef = 435E968D2B56E86E00F49693 /* Main.storyboard */; };
		435E96912B56E87000F49693 /* Assets.xcassets in Resources */ = {isa = PBXBuildFile; fileRef = 435E96902B56E87000F49693 /* Assets.xcassets */; };
		435E96942B56E87000F49693 /* LaunchScreen.storyboard in Resources */ = {isa = PBXBuildFile; fileRef = 435E96922B56E87000F49693 /* LaunchScreen.storyboard */; };
		435E96BC2B56EF4C00F49693 /* CourseTests.swift in Sources */ = {isa = PBXBuildFile; fileRef = 435E96BB2B56EF4C00F49693 /* CourseTests.swift */; };
		435E96BF2B56F3FB00F49693 /* StringUtils.swift in Sources */ = {isa = PBXBuildFile; fileRef = 435E96BE2B56F3FB00F49693 /* StringUtils.swift */; };
		435E96C12B56F75D00F49693 /* StringUtilsSpec.swift in Sources */ = {isa = PBXBuildFile; fileRef = 435E96C02B56F75D00F49693 /* StringUtilsSpec.swift */; };
		435E96C52B56FD1200F49693 /* CourseUITests.swift in Sources */ = {isa = PBXBuildFile; fileRef = 435E96C42B56FD1200F49693 /* CourseUITests.swift */; };
		435E96C72B570B5A00F49693 /* AccountBalance.swift in Sources */ = {isa = PBXBuildFile; fileRef = 435E96C62B570B5A00F49693 /* AccountBalance.swift */; };
		435E96C92B570E4400F49693 /* AccountBalanceSpec.swift in Sources */ = {isa = PBXBuildFile; fileRef = 435E96C82B570E4400F49693 /* AccountBalanceSpec.swift */; };
/* End PBXBuildFile section */

/* Begin PBXContainerItemProxy section */
		435E969B2B56E87000F49693 /* PBXContainerItemProxy */ = {
			isa = PBXContainerItemProxy;
			containerPortal = 435E967C2B56E86D00F49693 /* Project object */;
			proxyType = 1;
			remoteGlobalIDString = 435E96832B56E86D00F49693;
			remoteInfo = Course;
		};
		435E96A52B56E87000F49693 /* PBXContainerItemProxy */ = {
			isa = PBXContainerItemProxy;
			containerPortal = 435E967C2B56E86D00F49693 /* Project object */;
			proxyType = 1;
			remoteGlobalIDString = 435E96832B56E86D00F49693;
			remoteInfo = Course;
		};
/* End PBXContainerItemProxy section */

/* Begin PBXFileReference section */
		435E96842B56E86D00F49693 /* Course.app */ = {isa = PBXFileReference; explicitFileType = wrapper.application; includeInIndex = 0; path = Course.app; sourceTree = BUILT_PRODUCTS_DIR; };
		435E96872B56E86D00F49693 /* AppDelegate.swift */ = {isa = PBXFileReference; lastKnownFileType = sourcecode.swift; path = AppDelegate.swift; sourceTree = "<group>"; };
		435E96892B56E86D00F49693 /* SceneDelegate.swift */ = {isa = PBXFileReference; lastKnownFileType = sourcecode.swift; path = SceneDelegate.swift; sourceTree = "<group>"; };
		435E968B2B56E86D00F49693 /* ViewController.swift */ = {isa = PBXFileReference; lastKnownFileType = sourcecode.swift; path = ViewController.swift; sourceTree = "<group>"; };
		435E968E2B56E86E00F49693 /* Base */ = {isa = PBXFileReference; lastKnownFileType = file.storyboard; name = Base; path = Base.lproj/Main.storyboard; sourceTree = "<group>"; };
		435E96902B56E87000F49693 /* Assets.xcassets */ = {isa = PBXFileReference; lastKnownFileType = folder.assetcatalog; path = Assets.xcassets; sourceTree = "<group>"; };
		435E96932B56E87000F49693 /* Base */ = {isa = PBXFileReference; lastKnownFileType = file.storyboard; name = Base; path = Base.lproj/LaunchScreen.storyboard; sourceTree = "<group>"; };
		435E96952B56E87000F49693 /* Info.plist */ = {isa = PBXFileReference; lastKnownFileType = text.plist.xml; path = Info.plist; sourceTree = "<group>"; };
		435E969A2B56E87000F49693 /* CourseTests.xctest */ = {isa = PBXFileReference; explicitFileType = wrapper.cfbundle; includeInIndex = 0; path = CourseTests.xctest; sourceTree = BUILT_PRODUCTS_DIR; };
		435E96A42B56E87000F49693 /* CourseUITests.xctest */ = {isa = PBXFileReference; explicitFileType = wrapper.cfbundle; includeInIndex = 0; path = CourseUITests.xctest; sourceTree = BUILT_PRODUCTS_DIR; };
		435E96BB2B56EF4C00F49693 /* CourseTests.swift */ = {isa = PBXFileReference; lastKnownFileType = sourcecode.swift; path = CourseTests.swift; sourceTree = "<group>"; };
		435E96BE2B56F3FB00F49693 /* StringUtils.swift */ = {isa = PBXFileReference; lastKnownFileType = sourcecode.swift; path = StringUtils.swift; sourceTree = "<group>"; };
		435E96C02B56F75D00F49693 /* StringUtilsSpec.swift */ = {isa = PBXFileReference; lastKnownFileType = sourcecode.swift; path = StringUtilsSpec.swift; sourceTree = "<group>"; };
		435E96C32B56FD1200F49693 /* CourseUITests-Bridging-Header.h */ = {isa = PBXFileReference; lastKnownFileType = sourcecode.c.h; path = "CourseUITests-Bridging-Header.h"; sourceTree = "<group>"; };
		435E96C42B56FD1200F49693 /* CourseUITests.swift */ = {isa = PBXFileReference; lastKnownFileType = sourcecode.swift; path = CourseUITests.swift; sourceTree = "<group>"; };
		435E96C62B570B5A00F49693 /* AccountBalance.swift */ = {isa = PBXFileReference; lastKnownFileType = sourcecode.swift; path = AccountBalance.swift; sourceTree = "<group>"; };
		435E96C82B570E4400F49693 /* AccountBalanceSpec.swift */ = {isa = PBXFileReference; lastKnownFileType = sourcecode.swift; path = AccountBalanceSpec.swift; sourceTree = "<group>"; };
/* End PBXFileReference section */

/* Begin PBXFrameworksBuildPhase section */
		435E96812B56E86D00F49693 /* Frameworks */ = {
			isa = PBXFrameworksBuildPhase;
			buildActionMask = 2147483647;
			files = (
			);
			runOnlyForDeploymentPostprocessing = 0;
		};
		435E96972B56E87000F49693 /* Frameworks */ = {
			isa = PBXFrameworksBuildPhase;
			buildActionMask = 2147483647;
			files = (
			);
			runOnlyForDeploymentPostprocessing = 0;
		};
		435E96A12B56E87000F49693 /* Frameworks */ = {
			isa = PBXFrameworksBuildPhase;
			buildActionMask = 2147483647;
			files = (
			);
			runOnlyForDeploymentPostprocessing = 0;
		};
/* End PBXFrameworksBuildPhase section */

/* Begin PBXGroup section */
		435E967B2B56E86D00F49693 = {
			isa = PBXGroup;
			children = (
				435E96862B56E86D00F49693 /* Course */,
				435E96852B56E86D00F49693 /* Products */,
			);
			sourceTree = "<group>";
		};
		435E96852B56E86D00F49693 /* Products */ = {
			isa = PBXGroup;
			children = (
				435E96842B56E86D00F49693 /* Course.app */,
				435E969A2B56E87000F49693 /* CourseTests.xctest */,
				435E96A42B56E87000F49693 /* CourseUITests.xctest */,
			);
			name = Products;
			sourceTree = "<group>";
		};
		435E96862B56E86D00F49693 /* Course */ = {
			isa = PBXGroup;
			children = (
				435E96C62B570B5A00F49693 /* AccountBalance.swift */,
				435E96BE2B56F3FB00F49693 /* StringUtils.swift */,
				435E96872B56E86D00F49693 /* AppDelegate.swift */,
				435E96892B56E86D00F49693 /* SceneDelegate.swift */,
				435E968B2B56E86D00F49693 /* ViewController.swift */,
				435E968D2B56E86E00F49693 /* Main.storyboard */,
				435E96902B56E87000F49693 /* Assets.xcassets */,
				435E96922B56E87000F49693 /* LaunchScreen.storyboard */,
				435E96952B56E87000F49693 /* Info.plist */,
				435E96C22B56FCD200F49693 /* CourseUITests */,
				435E96BD2B56EF6300F49693 /* CourseTests */,
			);
			path = Course;
			sourceTree = "<group>";
		};
		435E96BD2B56EF6300F49693 /* CourseTests */ = {
			isa = PBXGroup;
			children = (
				435E96BB2B56EF4C00F49693 /* CourseTests.swift */,
				435E96C02B56F75D00F49693 /* StringUtilsSpec.swift */,
				435E96C82B570E4400F49693 /* AccountBalanceSpec.swift */,
			);
			path = CourseTests;
			sourceTree = "<group>";
		};
		435E96C22B56FCD200F49693 /* CourseUITests */ = {
			isa = PBXGroup;
			children = (
				435E96C42B56FD1200F49693 /* CourseUITests.swift */,
				435E96C32B56FD1200F49693 /* CourseUITests-Bridging-Header.h */,
			);
			path = CourseUITests;
			sourceTree = "<group>";
		};
/* End PBXGroup section */

/* Begin PBXNativeTarget section */
		435E96832B56E86D00F49693 /* Course */ = {
			isa = PBXNativeTarget;
			buildConfigurationList = 435E96AE2B56E87000F49693 /* Build configuration list for PBXNativeTarget "Course" */;
			buildPhases = (
				435E96802B56E86D00F49693 /* Sources */,
				435E96812B56E86D00F49693 /* Frameworks */,
				435E96822B56E86D00F49693 /* Resources */,
			);
			buildRules = (
			);
			dependencies = (
			);
			name = Course;
			productName = Course;
			productReference = 435E96842B56E86D00F49693 /* Course.app */;
			productType = "com.apple.product-type.application";
		};
		435E96992B56E87000F49693 /* CourseTests */ = {
			isa = PBXNativeTarget;
			buildConfigurationList = 435E96B12B56E87000F49693 /* Build configuration list for PBXNativeTarget "CourseTests" */;
			buildPhases = (
				435E96962B56E87000F49693 /* Sources */,
				435E96972B56E87000F49693 /* Frameworks */,
				435E96982B56E87000F49693 /* Resources */,
			);
			buildRules = (
			);
			dependencies = (
				435E969C2B56E87000F49693 /* PBXTargetDependency */,
			);
			name = CourseTests;
			productName = CourseTests;
			productReference = 435E969A2B56E87000F49693 /* CourseTests.xctest */;
			productType = "com.apple.product-type.bundle.unit-test";
		};
		435E96A32B56E87000F49693 /* CourseUITests */ = {
			isa = PBXNativeTarget;
			buildConfigurationList = 435E96B42B56E87000F49693 /* Build configuration list for PBXNativeTarget "CourseUITests" */;
			buildPhases = (
				435E96A02B56E87000F49693 /* Sources */,
				435E96A12B56E87000F49693 /* Frameworks */,
				435E96A22B56E87000F49693 /* Resources */,
			);
			buildRules = (
			);
			dependencies = (
				435E96A62B56E87000F49693 /* PBXTargetDependency */,
			);
			name = CourseUITests;
			productName = CourseUITests;
			productReference = 435E96A42B56E87000F49693 /* CourseUITests.xctest */;
			productType = "com.apple.product-type.bundle.ui-testing";
		};
/* End PBXNativeTarget section */

/* Begin PBXProject section */
		435E967C2B56E86D00F49693 /* Project object */ = {
			isa = PBXProject;
			attributes = {
				BuildIndependentTargetsInParallel = 1;
				LastSwiftUpdateCheck = 1510;
				LastUpgradeCheck = 1510;
				TargetAttributes = {
					435E96832B56E86D00F49693 = {
						CreatedOnToolsVersion = 15.1;
					};
					435E96992B56E87000F49693 = {
						CreatedOnToolsVersion = 15.1;
						LastSwiftMigration = 1510;
						TestTargetID = 435E96832B56E86D00F49693;
					};
					435E96A32B56E87000F49693 = {
						CreatedOnToolsVersion = 15.1;
						LastSwiftMigration = 1510;
						TestTargetID = 435E96832B56E86D00F49693;
					};
				};
			};
			buildConfigurationList = 435E967F2B56E86D00F49693 /* Build configuration list for PBXProject "Course" */;
			compatibilityVersion = "Xcode 14.0";
			developmentRegion = en;
			hasScannedForEncodings = 0;
			knownRegions = (
				en,
				Base,
			);
			mainGroup = 435E967B2B56E86D00F49693;
			productRefGroup = 435E96852B56E86D00F49693 /* Products */;
			projectDirPath = "";
			projectRoot = "";
			targets = (
				435E96832B56E86D00F49693 /* Course */,
				435E96992B56E87000F49693 /* CourseTests */,
				435E96A32B56E87000F49693 /* CourseUITests */,
			);
		};
/* End PBXProject section */

/* Begin PBXResourcesBuildPhase section */
		435E96822B56E86D00F49693 /* Resources */ = {
			isa = PBXResourcesBuildPhase;
			buildActionMask = 2147483647;
			files = (
				435E96942B56E87000F49693 /* LaunchScreen.storyboard in Resources */,
				435E96912B56E87000F49693 /* Assets.xcassets in Resources */,
				435E968F2B56E86E00F49693 /* Main.storyboard in Resources */,
			);
			runOnlyForDeploymentPostprocessing = 0;
		};
		435E96982B56E87000F49693 /* Resources */ = {
			isa = PBXResourcesBuildPhase;
			buildActionMask = 2147483647;
			files = (
			);
			runOnlyForDeploymentPostprocessing = 0;
		};
		435E96A22B56E87000F49693 /* Resources */ = {
			isa = PBXResourcesBuildPhase;
			buildActionMask = 2147483647;
			files = (
			);
			runOnlyForDeploymentPostprocessing = 0;
		};
/* End PBXResourcesBuildPhase section */

/* Begin PBXSourcesBuildPhase section */
		435E96802B56E86D00F49693 /* Sources */ = {
			isa = PBXSourcesBuildPhase;
			buildActionMask = 2147483647;
			files = (
				435E96BF2B56F3FB00F49693 /* StringUtils.swift in Sources */,
				435E968C2B56E86D00F49693 /* ViewController.swift in Sources */,
				435E96882B56E86D00F49693 /* AppDelegate.swift in Sources */,
				435E968A2B56E86D00F49693 /* SceneDelegate.swift in Sources */,
				435E96C72B570B5A00F49693 /* AccountBalance.swift in Sources */,
			);
			runOnlyForDeploymentPostprocessing = 0;
		};
		435E96962B56E87000F49693 /* Sources */ = {
			isa = PBXSourcesBuildPhase;
			buildActionMask = 2147483647;
			files = (
				435E96BC2B56EF4C00F49693 /* CourseTests.swift in Sources */,
				435E96C12B56F75D00F49693 /* StringUtilsSpec.swift in Sources */,
				435E96C92B570E4400F49693 /* AccountBalanceSpec.swift in Sources */,
			);
			runOnlyForDeploymentPostprocessing = 0;
		};
		435E96A02B56E87000F49693 /* Sources */ = {
			isa = PBXSourcesBuildPhase;
			buildActionMask = 2147483647;
			files = (
				435E96C52B56FD1200F49693 /* CourseUITests.swift in Sources */,
			);
			runOnlyForDeploymentPostprocessing = 0;
		};
/* End PBXSourcesBuildPhase section */

/* Begin PBXTargetDependency section */
		435E969C2B56E87000F49693 /* PBXTargetDependency */ = {
			isa = PBXTargetDependency;
			target = 435E96832B56E86D00F49693 /* Course */;
			targetProxy = 435E969B2B56E87000F49693 /* PBXContainerItemProxy */;
		};
		435E96A62B56E87000F49693 /* PBXTargetDependency */ = {
			isa = PBXTargetDependency;
			target = 435E96832B56E86D00F49693 /* Course */;
			targetProxy = 435E96A52B56E87000F49693 /* PBXContainerItemProxy */;
		};
/* End PBXTargetDependency section */

/* Begin PBXVariantGroup section */
		435E968D2B56E86E00F49693 /* Main.storyboard */ = {
			isa = PBXVariantGroup;
			children = (
				435E968E2B56E86E00F49693 /* Base */,
			);
			name = Main.storyboard;
			sourceTree = "<group>";
		};
		435E96922B56E87000F49693 /* LaunchScreen.storyboard */ = {
			isa = PBXVariantGroup;
			children = (
				435E96932B56E87000F49693 /* Base */,
			);
			name = LaunchScreen.storyboard;
			sourceTree = "<group>";
		};
/* End PBXVariantGroup section */

/* Begin XCBuildConfiguration section */
		435E96AC2B56E87000F49693 /* Debug */ = {
			isa = XCBuildConfiguration;
			buildSettings = {
				ALWAYS_SEARCH_USER_PATHS = NO;
				ASSETCATALOG_COMPILER_GENERATE_SWIFT_ASSET_SYMBOL_EXTENSIONS = YES;
				CLANG_ANALYZER_NONNULL = YES;
				CLANG_ANALYZER_NUMBER_OBJECT_CONVERSION = YES_AGGRESSIVE;
				CLANG_CXX_LANGUAGE_STANDARD = "gnu++20";
				CLANG_ENABLE_MODULES = YES;
				CLANG_ENABLE_OBJC_ARC = YES;
				CLANG_ENABLE_OBJC_WEAK = YES;
				CLANG_WARN_BLOCK_CAPTURE_AUTORELEASING = YES;
				CLANG_WARN_BOOL_CONVERSION = YES;
				CLANG_WARN_COMMA = YES;
				CLANG_WARN_CONSTANT_CONVERSION = YES;
				CLANG_WARN_DEPRECATED_OBJC_IMPLEMENTATIONS = YES;
				CLANG_WARN_DIRECT_OBJC_ISA_USAGE = YES_ERROR;
				CLANG_WARN_DOCUMENTATION_COMMENTS = YES;
				CLANG_WARN_EMPTY_BODY = YES;
				CLANG_WARN_ENUM_CONVERSION = YES;
				CLANG_WARN_INFINITE_RECURSION = YES;
				CLANG_WARN_INT_CONVERSION = YES;
				CLANG_WARN_NON_LITERAL_NULL_CONVERSION = YES;
				CLANG_WARN_OBJC_IMPLICIT_RETAIN_SELF = YES;
				CLANG_WARN_OBJC_LITERAL_CONVERSION = YES;
				CLANG_WARN_OBJC_ROOT_CLASS = YES_ERROR;
				CLANG_WARN_QUOTED_INCLUDE_IN_FRAMEWORK_HEADER = YES;
				CLANG_WARN_RANGE_LOOP_ANALYSIS = YES;
				CLANG_WARN_STRICT_PROTOTYPES = YES;
				CLANG_WARN_SUSPICIOUS_MOVE = YES;
				CLANG_WARN_UNGUARDED_AVAILABILITY = YES_AGGRESSIVE;
				CLANG_WARN_UNREACHABLE_CODE = YES;
				CLANG_WARN__DUPLICATE_METHOD_MATCH = YES;
				COPY_PHASE_STRIP = NO;
				DEBUG_INFORMATION_FORMAT = dwarf;
				ENABLE_STRICT_OBJC_MSGSEND = YES;
				ENABLE_TESTABILITY = YES;
				ENABLE_USER_SCRIPT_SANDBOXING = YES;
				GCC_C_LANGUAGE_STANDARD = gnu17;
				GCC_DYNAMIC_NO_PIC = NO;
				GCC_NO_COMMON_BLOCKS = YES;
				GCC_OPTIMIZATION_LEVEL = 0;
				GCC_PREPROCESSOR_DEFINITIONS = (
					"DEBUG=1",
					"$(inherited)",
				);
				GCC_WARN_64_TO_32_BIT_CONVERSION = YES;
				GCC_WARN_ABOUT_RETURN_TYPE = YES_ERROR;
				GCC_WARN_UNDECLARED_SELECTOR = YES;
				GCC_WARN_UNINITIALIZED_AUTOS = YES_AGGRESSIVE;
				GCC_WARN_UNUSED_FUNCTION = YES;
				GCC_WARN_UNUSED_VARIABLE = YES;
				IPHONEOS_DEPLOYMENT_TARGET = 17.2;
				LOCALIZATION_PREFERS_STRING_CATALOGS = YES;
				MTL_ENABLE_DEBUG_INFO = INCLUDE_SOURCE;
				MTL_FAST_MATH = YES;
				ONLY_ACTIVE_ARCH = YES;
				SDKROOT = iphoneos;
				SWIFT_ACTIVE_COMPILATION_CONDITIONS = "DEBUG $(inherited)";
				SWIFT_OPTIMIZATION_LEVEL = "-Onone";
			};
			name = Debug;
		};
		435E96AD2B56E87000F49693 /* Release */ = {
			isa = XCBuildConfiguration;
			buildSettings = {
				ALWAYS_SEARCH_USER_PATHS = NO;
				ASSETCATALOG_COMPILER_GENERATE_SWIFT_ASSET_SYMBOL_EXTENSIONS = YES;
				CLANG_ANALYZER_NONNULL = YES;
				CLANG_ANALYZER_NUMBER_OBJECT_CONVERSION = YES_AGGRESSIVE;
				CLANG_CXX_LANGUAGE_STANDARD = "gnu++20";
				CLANG_ENABLE_MODULES = YES;
				CLANG_ENABLE_OBJC_ARC = YES;
				CLANG_ENABLE_OBJC_WEAK = YES;
				CLANG_WARN_BLOCK_CAPTURE_AUTORELEASING = YES;
				CLANG_WARN_BOOL_CONVERSION = YES;
				CLANG_WARN_COMMA = YES;
				CLANG_WARN_CONSTANT_CONVERSION = YES;
				CLANG_WARN_DEPRECATED_OBJC_IMPLEMENTATIONS = YES;
				CLANG_WARN_DIRECT_OBJC_ISA_USAGE = YES_ERROR;
				CLANG_WARN_DOCUMENTATION_COMMENTS = YES;
				CLANG_WARN_EMPTY_BODY = YES;
				CLANG_WARN_ENUM_CONVERSION = YES;
				CLANG_WARN_INFINITE_RECURSION = YES;
				CLANG_WARN_INT_CONVERSION = YES;
				CLANG_WARN_NON_LITERAL_NULL_CONVERSION = YES;
				CLANG_WARN_OBJC_IMPLICIT_RETAIN_SELF = YES;
				CLANG_WARN_OBJC_LITERAL_CONVERSION = YES;
				CLANG_WARN_OBJC_ROOT_CLASS = YES_ERROR;
				CLANG_WARN_QUOTED_INCLUDE_IN_FRAMEWORK_HEADER = YES;
				CLANG_WARN_RANGE_LOOP_ANALYSIS = YES;
				CLANG_WARN_STRICT_PROTOTYPES = YES;
				CLANG_WARN_SUSPICIOUS_MOVE = YES;
				CLANG_WARN_UNGUARDED_AVAILABILITY = YES_AGGRESSIVE;
				CLANG_WARN_UNREACHABLE_CODE = YES;
				CLANG_WARN__DUPLICATE_METHOD_MATCH = YES;
				COPY_PHASE_STRIP = NO;
				DEBUG_INFORMATION_FORMAT = "dwarf-with-dsym";
				ENABLE_NS_ASSERTIONS = NO;
				ENABLE_STRICT_OBJC_MSGSEND = YES;
				ENABLE_USER_SCRIPT_SANDBOXING = YES;
				GCC_C_LANGUAGE_STANDARD = gnu17;
				GCC_NO_COMMON_BLOCKS = YES;
				GCC_WARN_64_TO_32_BIT_CONVERSION = YES;
				GCC_WARN_ABOUT_RETURN_TYPE = YES_ERROR;
				GCC_WARN_UNDECLARED_SELECTOR = YES;
				GCC_WARN_UNINITIALIZED_AUTOS = YES_AGGRESSIVE;
				GCC_WARN_UNUSED_FUNCTION = YES;
				GCC_WARN_UNUSED_VARIABLE = YES;
				IPHONEOS_DEPLOYMENT_TARGET = 17.2;
				LOCALIZATION_PREFERS_STRING_CATALOGS = YES;
				MTL_ENABLE_DEBUG_INFO = NO;
				MTL_FAST_MATH = YES;
				SDKROOT = iphoneos;
				SWIFT_COMPILATION_MODE = wholemodule;
				VALIDATE_PRODUCT = YES;
			};
			name = Release;
		};
		435E96AF2B56E87000F49693 /* Debug */ = {
			isa = XCBuildConfiguration;
			buildSettings = {
				ASSETCATALOG_COMPILER_APPICON_NAME = AppIcon;
				ASSETCATALOG_COMPILER_GLOBAL_ACCENT_COLOR_NAME = AccentColor;
				CODE_SIGN_STYLE = Automatic;
				CURRENT_PROJECT_VERSION = 1;
				DEVELOPMENT_TEAM = 5T9TKZ5MKP;
				GENERATE_INFOPLIST_FILE = YES;
				INFOPLIST_FILE = Course/Info.plist;
				INFOPLIST_KEY_UIApplicationSupportsIndirectInputEvents = YES;
				INFOPLIST_KEY_UILaunchStoryboardName = LaunchScreen;
				INFOPLIST_KEY_UIMainStoryboardFile = Main;
				INFOPLIST_KEY_UISupportedInterfaceOrientations_iPad = "UIInterfaceOrientationPortrait UIInterfaceOrientationPortraitUpsideDown UIInterfaceOrientationLandscapeLeft UIInterfaceOrientationLandscapeRight";
				INFOPLIST_KEY_UISupportedInterfaceOrientations_iPhone = "UIInterfaceOrientationPortrait UIInterfaceOrientationLandscapeLeft UIInterfaceOrientationLandscapeRight";
				IPHONEOS_DEPLOYMENT_TARGET = 15.0;
				LD_RUNPATH_SEARCH_PATHS = (
					"$(inherited)",
					"@executable_path/Frameworks",
				);
				MARKETING_VERSION = 1.0;
				PRODUCT_BUNDLE_IDENTIFIER = met.Course;
				PRODUCT_NAME = "$(TARGET_NAME)";
				SUPPORTED_PLATFORMS = "iphoneos iphonesimulator";
				SUPPORTS_MACCATALYST = NO;
				SUPPORTS_MAC_DESIGNED_FOR_IPHONE_IPAD = NO;
				SWIFT_EMIT_LOC_STRINGS = YES;
				SWIFT_VERSION = 5.0;
				TARGETED_DEVICE_FAMILY = 1;
			};
			name = Debug;
		};
		435E96B02B56E87000F49693 /* Release */ = {
			isa = XCBuildConfiguration;
			buildSettings = {
				ASSETCATALOG_COMPILER_APPICON_NAME = AppIcon;
				ASSETCATALOG_COMPILER_GLOBAL_ACCENT_COLOR_NAME = AccentColor;
				CODE_SIGN_STYLE = Automatic;
				CURRENT_PROJECT_VERSION = 1;
				DEVELOPMENT_TEAM = 5T9TKZ5MKP;
				GENERATE_INFOPLIST_FILE = YES;
				INFOPLIST_FILE = Course/Info.plist;
				INFOPLIST_KEY_UIApplicationSupportsIndirectInputEvents = YES;
				INFOPLIST_KEY_UILaunchStoryboardName = LaunchScreen;
				INFOPLIST_KEY_UIMainStoryboardFile = Main;
				INFOPLIST_KEY_UISupportedInterfaceOrientations_iPad = "UIInterfaceOrientationPortrait UIInterfaceOrientationPortraitUpsideDown UIInterfaceOrientationLandscapeLeft UIInterfaceOrientationLandscapeRight";
				INFOPLIST_KEY_UISupportedInterfaceOrientations_iPhone = "UIInterfaceOrientationPortrait UIInterfaceOrientationLandscapeLeft UIInterfaceOrientationLandscapeRight";
				IPHONEOS_DEPLOYMENT_TARGET = 15.0;
				LD_RUNPATH_SEARCH_PATHS = (
					"$(inherited)",
					"@executable_path/Frameworks",
				);
				MARKETING_VERSION = 1.0;
				PRODUCT_BUNDLE_IDENTIFIER = met.Course;
				PRODUCT_NAME = "$(TARGET_NAME)";
				SUPPORTED_PLATFORMS = "iphoneos iphonesimulator";
				SUPPORTS_MACCATALYST = NO;
				SUPPORTS_MAC_DESIGNED_FOR_IPHONE_IPAD = NO;
				SWIFT_EMIT_LOC_STRINGS = YES;
				SWIFT_VERSION = 5.0;
				TARGETED_DEVICE_FAMILY = 1;
			};
			name = Release;
		};
		435E96B22B56E87000F49693 /* Debug */ = {
			isa = XCBuildConfiguration;
			buildSettings = {
				ALWAYS_EMBED_SWIFT_STANDARD_LIBRARIES = YES;
				BUNDLE_LOADER = "$(TEST_HOST)";
				CLANG_ENABLE_MODULES = YES;
				CODE_SIGN_STYLE = Automatic;
				CURRENT_PROJECT_VERSION = 1;
				DEVELOPMENT_TEAM = 5T9TKZ5MKP;
				GENERATE_INFOPLIST_FILE = YES;
				IPHONEOS_DEPLOYMENT_TARGET = 17.2;
				MARKETING_VERSION = 1.0;
				PRODUCT_BUNDLE_IDENTIFIER = met.CourseTests;
				PRODUCT_NAME = "$(TARGET_NAME)";
				SWIFT_EMIT_LOC_STRINGS = NO;
				SWIFT_OPTIMIZATION_LEVEL = "-Onone";
				SWIFT_VERSION = 5.0;
				TARGETED_DEVICE_FAMILY = "1,2";
				TEST_HOST = "$(BUILT_PRODUCTS_DIR)/Course.app/$(BUNDLE_EXECUTABLE_FOLDER_PATH)/Course";
			};
			name = Debug;
		};
		435E96B32B56E87000F49693 /* Release */ = {
			isa = XCBuildConfiguration;
			buildSettings = {
				ALWAYS_EMBED_SWIFT_STANDARD_LIBRARIES = YES;
				BUNDLE_LOADER = "$(TEST_HOST)";
				CLANG_ENABLE_MODULES = YES;
				CODE_SIGN_STYLE = Automatic;
				CURRENT_PROJECT_VERSION = 1;
				DEVELOPMENT_TEAM = 5T9TKZ5MKP;
				GENERATE_INFOPLIST_FILE = YES;
				IPHONEOS_DEPLOYMENT_TARGET = 17.2;
				MARKETING_VERSION = 1.0;
				PRODUCT_BUNDLE_IDENTIFIER = met.CourseTests;
				PRODUCT_NAME = "$(TARGET_NAME)";
				SWIFT_EMIT_LOC_STRINGS = NO;
				SWIFT_VERSION = 5.0;
				TARGETED_DEVICE_FAMILY = "1,2";
				TEST_HOST = "$(BUILT_PRODUCTS_DIR)/Course.app/$(BUNDLE_EXECUTABLE_FOLDER_PATH)/Course";
			};
			name = Release;
		};
		435E96B52B56E87000F49693 /* Debug */ = {
			isa = XCBuildConfiguration;
			buildSettings = {
				ALWAYS_EMBED_SWIFT_STANDARD_LIBRARIES = YES;
				CLANG_ENABLE_MODULES = YES;
				CODE_SIGN_STYLE = Automatic;
				CURRENT_PROJECT_VERSION = 1;
				DEVELOPMENT_TEAM = 5T9TKZ5MKP;
				GENERATE_INFOPLIST_FILE = YES;
				MARKETING_VERSION = 1.0;
				PRODUCT_BUNDLE_IDENTIFIER = met.CourseUITests;
				PRODUCT_NAME = "$(TARGET_NAME)";
				SWIFT_EMIT_LOC_STRINGS = NO;
				SWIFT_OBJC_BRIDGING_HEADER = "Course/CourseUITests/CourseUITests-Bridging-Header.h";
				SWIFT_OPTIMIZATION_LEVEL = "-Onone";
				SWIFT_VERSION = 5.0;
				TARGETED_DEVICE_FAMILY = "1,2";
				TEST_TARGET_NAME = Course;
			};
			name = Debug;
		};
		435E96B62B56E87000F49693 /* Release */ = {
			isa = XCBuildConfiguration;
			buildSettings = {
				ALWAYS_EMBED_SWIFT_STANDARD_LIBRARIES = YES;
				CLANG_ENABLE_MODULES = YES;
				CODE_SIGN_STYLE = Automatic;
				CURRENT_PROJECT_VERSION = 1;
				DEVELOPMENT_TEAM = 5T9TKZ5MKP;
				GENERATE_INFOPLIST_FILE = YES;
				MARKETING_VERSION = 1.0;
				PRODUCT_BUNDLE_IDENTIFIER = met.CourseUITests;
				PRODUCT_NAME = "$(TARGET_NAME)";
				SWIFT_EMIT_LOC_STRINGS = NO;
				SWIFT_OBJC_BRIDGING_HEADER = "Course/CourseUITests/CourseUITests-Bridging-Header.h";
				SWIFT_VERSION = 5.0;
				TARGETED_DEVICE_FAMILY = "1,2";
				TEST_TARGET_NAME = Course;
			};
			name = Release;
		};
/* End XCBuildConfiguration section */

/* Begin XCConfigurationList section */
		435E967F2B56E86D00F49693 /* Build configuration list for PBXProject "Course" */ = {
			isa = XCConfigurationList;
			buildConfigurations = (
				435E96AC2B56E87000F49693 /* Debug */,
				435E96AD2B56E87000F49693 /* Release */,
			);
			defaultConfigurationIsVisible = 0;
			defaultConfigurationName = Release;
		};
		435E96AE2B56E87000F49693 /* Build configuration list for PBXNativeTarget "Course" */ = {
			isa = XCConfigurationList;
			buildConfigurations = (
				435E96AF2B56E87000F49693 /* Debug */,
				435E96B02B56E87000F49693 /* Release */,
			);
			defaultConfigurationIsVisible = 0;
			defaultConfigurationName = Release;
		};
		435E96B12B56E87000F49693 /* Build configuration list for PBXNativeTarget "CourseTests" */ = {
			isa = XCConfigurationList;
			buildConfigurations = (
				435E96B22B56E87000F49693 /* Debug */,
				435E96B32B56E87000F49693 /* Release */,
			);
			defaultConfigurationIsVisible = 0;
			defaultConfigurationName = Release;
		};
		435E96B42B56E87000F49693 /* Build configuration list for PBXNativeTarget "CourseUITests" */ = {
			isa = XCConfigurationList;
			buildConfigurations = (
				435E96B52B56E87000F49693 /* Debug */,
				435E96B62B56E87000F49693 /* Release */,
			);
			defaultConfigurationIsVisible = 0;
			defaultConfigurationName = Release;
		};
/* End XCConfigurationList section */
	};
	rootObject = 435E967C2B56E86D00F49693 /* Project object */;
}
